
Microsoft Visual Studio Solution File, Format Version 12.00
# Visual Studio Version 16
VisualStudioVersion = 16.0.30717.126
MinimumVisualStudioVersion = 10.0.40219.1
Project("{FAE04EC0-301F-11D3-BF4B-00C04F79EFBC}") = "SOLID_Principles", "SOLID_Principles.csproj", "{4C637391-26F0-47DB-BC12-F1F4ACB9EFA9}"
EndProject
Project("{FAE04EC0-301F-11D3-BF4B-00C04F79EFBC}") = "SOLID.Enitites", "..\SOLID.Enitites\SOLID.Enitites.csproj", "{6E0D6FBB-D6D3-4F9E-82C6-5505CD63255F}"
EndProject
Project("{FAE04EC0-301F-11D3-BF4B-00C04F79EFBC}") = "SOLID.Manager", "..\SOLID.Manager\SOLID.Manager.csproj", "{A836FC62-2156-40BD-A6DD-773CF0F8249E}"
EndProject
Project("{FAE04EC0-301F-11D3-BF4B-00C04F79EFBC}") = "SOLID.Service", "..\SOLID.Service\SOLID.Service.csproj", "{83F35AD2-EC96-4DFD-ACF1-7078F6137831}"
EndProject
Project("{FAE04EC0-301F-11D3-BF4B-00C04F79EFBC}") = "SOLID.Infrustructure", "..\SOLID.Infrustructure\SOLID.Infrustructure.csproj", "{A10DA18F-23C0-4930-A442-09CAF719271C}"
EndProject
Global
	GlobalSection(SolutionConfigurationPlatforms) = preSolution
		Debug|Any CPU = Debug|Any CPU
		Release|Any CPU = Release|Any CPU
	EndGlobalSection
	GlobalSection(ProjectConfigurationPlatforms) = postSolution
		{4C637391-26F0-47DB-BC12-F1F4ACB9EFA9}.Debug|Any CPU.ActiveCfg = Debug|Any CPU
		{4C637391-26F0-47DB-BC12-F1F4ACB9EFA9}.Debug|Any CPU.Build.0 = Debug|Any CPU
		{4C637391-26F0-47DB-BC12-F1F4ACB9EFA9}.Release|Any CPU.ActiveCfg = Release|Any CPU
		{4C637391-26F0-47DB-BC12-F1F4ACB9EFA9}.Release|Any CPU.Build.0 = Release|Any CPU
		{6E0D6FBB-D6D3-4F9E-82C6-5505CD63255F}.Debug|Any CPU.ActiveCfg = Debug|Any CPU
		{6E0D6FBB-D6D3-4F9E-82C6-5505CD63255F}.Debug|Any CPU.Build.0 = Debug|Any CPU
		{6E0D6FBB-D6D3-4F9E-82C6-5505CD63255F}.Release|Any CPU.ActiveCfg = Release|Any CPU
		{6E0D6FBB-D6D3-4F9E-82C6-5505CD63255F}.Release|Any CPU.Build.0 = Release|Any CPU
		{A836FC62-2156-40BD-A6DD-773CF0F8249E}.Debug|Any CPU.ActiveCfg = Debug|Any CPU
		{A836FC62-2156-40BD-A6DD-773CF0F8249E}.Debug|Any CPU.Build.0 = Debug|Any CPU
		{A836FC62-2156-40BD-A6DD-773CF0F8249E}.Release|Any CPU.ActiveCfg = Release|Any CPU
		{A836FC62-2156-40BD-A6DD-773CF0F8249E}.Release|Any CPU.Build.0 = Release|Any CPU
		{83F35AD2-EC96-4DFD-ACF1-7078F6137831}.Debug|Any CPU.ActiveCfg = Debug|Any CPU
		{83F35AD2-EC96-4DFD-ACF1-7078F6137831}.Debug|Any CPU.Build.0 = Debug|Any CPU
		{83F35AD2-EC96-4DFD-ACF1-7078F6137831}.Release|Any CPU.ActiveCfg = Release|Any CPU
		{83F35AD2-EC96-4DFD-ACF1-7078F6137831}.Release|Any CPU.Build.0 = Release|Any CPU
		{A10DA18F-23C0-4930-A442-09CAF719271C}.Debug|Any CPU.ActiveCfg = Debug|Any CPU
		{A10DA18F-23C0-4930-A442-09CAF719271C}.Debug|Any CPU.Build.0 = Debug|Any CPU
		{A10DA18F-23C0-4930-A442-09CAF719271C}.Release|Any CPU.ActiveCfg = Release|Any CPU
		{A10DA18F-23C0-4930-A442-09CAF719271C}.Release|Any CPU.Build.0 = Release|Any CPU
	EndGlobalSection
	GlobalSection(SolutionProperties) = preSolution
		HideSolutionNode = FALSE
	EndGlobalSection
	GlobalSection(ExtensibilityGlobals) = postSolution
		SolutionGuid = {1B6D9C8E-8C66-4141-ADEC-C2D641535A83}
	EndGlobalSection
EndGlobal
